
Microsoft Visual Studio Solution File, Format Version 12.00
# Visual Studio for Mac
Project("{FAE04EC0-301F-11D3-BF4B-00C04F79EFBC}") = "Assembly-CSharp", "Assembly-CSharp.csproj", "{7ABE9BDB-19BE-4AA6-69CA-2A8A01665498}"
EndProject
Global
	GlobalSection(SolutionConfigurationPlatforms) = preSolution
		Debug|Any CPU = Debug|Any CPU
		Release|Any CPU = Release|Any CPU
	EndGlobalSection
	GlobalSection(ProjectConfigurationPlatforms) = postSolution
		{7ABE9BDB-19BE-4AA6-69CA-2A8A01665498}.Debug|Any CPU.ActiveCfg = Debug|Any CPU
		{7ABE9BDB-19BE-4AA6-69CA-2A8A01665498}.Debug|Any CPU.Build.0 = Debug|Any CPU
		{7ABE9BDB-19BE-4AA6-69CA-2A8A01665498}.Release|Any CPU.ActiveCfg = Release|Any CPU
		{7ABE9BDB-19BE-4AA6-69CA-2A8A01665498}.Release|Any CPU.Build.0 = Release|Any CPU
	EndGlobalSection
	GlobalSection(SolutionProperties) = preSolution
		HideSolutionNode = FALSE
	EndGlobalSection
EndGlobal
